
Microsoft Visual Studio Solution File, Format Version 12.00
# Visual Studio Version 16
VisualStudioVersion = 16.0.28803.202
MinimumVisualStudioVersion = 10.0.40219.1
Project("{FAE04EC0-301F-11D3-BF4B-00C04F79EFBC}") = "JSONtest", "JSONtest\JSONtest.csproj", "{645C41EF-BBAE-4248-B49F-896E50A31358}"
EndProject
Global
	GlobalSection(SolutionConfigurationPlatforms) = preSolution
		Debug|Any CPU = Debug|Any CPU
		Release|Any CPU = Release|Any CPU
	EndGlobalSection
	GlobalSection(ProjectConfigurationPlatforms) = postSolution
		{645C41EF-BBAE-4248-B49F-896E50A31358}.Debug|Any CPU.ActiveCfg = Debug|Any CPU
		{645C41EF-BBAE-4248-B49F-896E50A31358}.Debug|Any CPU.Build.0 = Debug|Any CPU
		{645C41EF-BBAE-4248-B49F-896E50A31358}.Release|Any CPU.ActiveCfg = Release|Any CPU
		{645C41EF-BBAE-4248-B49F-896E50A31358}.Release|Any CPU.Build.0 = Release|Any CPU
	EndGlobalSection
	GlobalSection(SolutionProperties) = preSolution
		HideSolutionNode = FALSE
	EndGlobalSection
	GlobalSection(ExtensibilityGlobals) = postSolution
		SolutionGuid = {4D476BA6-33F9-46EE-A917-5F342AA968E7}
	EndGlobalSection
EndGlobal
