
Microsoft Visual Studio Solution File, Format Version 12.00
# Visual Studio Version 16
VisualStudioVersion = 16.0.28917.181
MinimumVisualStudioVersion = 10.0.40219.1
Project("{FAE04EC0-301F-11D3-BF4B-00C04F79EFBC}") = "Bank", "Bank\Bank.csproj", "{146EFCEC-D9C5-4C1C-9161-A3DB9A692F7F}"
EndProject
Project("{FAE04EC0-301F-11D3-BF4B-00C04F79EFBC}") = "UnitTestProject1", "UnitTestProject1\UnitTestProject1.csproj", "{26FF0B32-5F37-49A6-AC2C-404D2322329A}"
EndProject
Global
	GlobalSection(SolutionConfigurationPlatforms) = preSolution
		Debug|Any CPU = Debug|Any CPU
		Release|Any CPU = Release|Any CPU
	EndGlobalSection
	GlobalSection(ProjectConfigurationPlatforms) = postSolution
		{146EFCEC-D9C5-4C1C-9161-A3DB9A692F7F}.Debug|Any CPU.ActiveCfg = Debug|Any CPU
		{146EFCEC-D9C5-4C1C-9161-A3DB9A692F7F}.Debug|Any CPU.Build.0 = Debug|Any CPU
		{146EFCEC-D9C5-4C1C-9161-A3DB9A692F7F}.Release|Any CPU.ActiveCfg = Release|Any CPU
		{146EFCEC-D9C5-4C1C-9161-A3DB9A692F7F}.Release|Any CPU.Build.0 = Release|Any CPU
		{26FF0B32-5F37-49A6-AC2C-404D2322329A}.Debug|Any CPU.ActiveCfg = Debug|Any CPU
		{26FF0B32-5F37-49A6-AC2C-404D2322329A}.Debug|Any CPU.Build.0 = Debug|Any CPU
		{26FF0B32-5F37-49A6-AC2C-404D2322329A}.Release|Any CPU.ActiveCfg = Release|Any CPU
		{26FF0B32-5F37-49A6-AC2C-404D2322329A}.Release|Any CPU.Build.0 = Release|Any CPU
	EndGlobalSection
	GlobalSection(SolutionProperties) = preSolution
		HideSolutionNode = FALSE
	EndGlobalSection
	GlobalSection(ExtensibilityGlobals) = postSolution
		SolutionGuid = {BA574E0E-055B-4DDA-A11B-449E27F72594}
	EndGlobalSection
EndGlobal
